# generated by rye
# use `rye lock` or `rye sync` to update this lockfile
#
# last locked with the following flags:
#   pre: false
#   features: []
#   all-features: false
#   with-sources: false
#   generate-hashes: false
#   universal: false

-e file:.
comtypes==1.4.10
    # via pycaw
psutil==7.0.0
    # via pycaw
pycaw==20240210
    # via micro-pomo
